// !$*UTF8*$!
{
	archiveVersion = 1;
	classes = {
	};
	objectVersion = 56;
	objects = {

/* Begin PBXBuildFile section */
		279D16222B5EC32B00F782F6 /* littlelemon_iosApp.swift in Sources */ = {isa = PBXBuildFile; fileRef = 279D16212B5EC32B00F782F6 /* littlelemon_iosApp.swift */; };
		279D16242B5EC32B00F782F6 /* ContentView.swift in Sources */ = {isa = PBXBuildFile; fileRef = 279D16232B5EC32B00F782F6 /* ContentView.swift */; };
		279D16262B5EC32C00F782F6 /* Assets.xcassets in Resources */ = {isa = PBXBuildFile; fileRef = 279D16252B5EC32C00F782F6 /* Assets.xcassets */; };
		279D16292B5EC32C00F782F6 /* Preview Assets.xcassets in Resources */ = {isa = PBXBuildFile; fileRef = 279D16282B5EC32C00F782F6 /* Preview Assets.xcassets */; };
		279D16332B5EC32C00F782F6 /* littlelemon_iosTests.swift in Sources */ = {isa = PBXBuildFile; fileRef = 279D16322B5EC32C00F782F6 /* littlelemon_iosTests.swift */; };
		279D163D2B5EC32C00F782F6 /* littlelemon_iosUITests.swift in Sources */ = {isa = PBXBuildFile; fileRef = 279D163C2B5EC32C00F782F6 /* littlelemon_iosUITests.swift */; };
		279D163F2B5EC32C00F782F6 /* littlelemon_iosUITestsLaunchTests.swift in Sources */ = {isa = PBXBuildFile; fileRef = 279D163E2B5EC32C00F782F6 /* littlelemon_iosUITestsLaunchTests.swift */; };
		279D164C2B5EC49100F782F6 /* LitttleLemonLogo.swift in Sources */ = {isa = PBXBuildFile; fileRef = 279D164B2B5EC49100F782F6 /* LitttleLemonLogo.swift */; };
		279D164F2B5EC4DE00F782F6 /* ReservationView.swift in Sources */ = {isa = PBXBuildFile; fileRef = 279D164E2B5EC4DE00F782F6 /* ReservationView.swift */; };
		279D16512B5EC51B00F782F6 /* Reservation.swift in Sources */ = {isa = PBXBuildFile; fileRef = 279D16502B5EC51B00F782F6 /* Reservation.swift */; };
		279D16532B5EC53600F782F6 /* ReservationForm.swift in Sources */ = {isa = PBXBuildFile; fileRef = 279D16522B5EC53600F782F6 /* ReservationForm.swift */; };
		279D16552B5EC59200F782F6 /* LocationsView.swift in Sources */ = {isa = PBXBuildFile; fileRef = 279D16542B5EC59200F782F6 /* LocationsView.swift */; };
		279D16572B5EC5E100F782F6 /* Model.swift in Sources */ = {isa = PBXBuildFile; fileRef = 279D16562B5EC5E100F782F6 /* Model.swift */; };
		279D165A2B5EC64E00F782F6 /* RestaurantView.swift in Sources */ = {isa = PBXBuildFile; fileRef = 279D16592B5EC64E00F782F6 /* RestaurantView.swift */; };
		279D165C2B5EC68500F782F6 /* RestaurantLocation.swift in Sources */ = {isa = PBXBuildFile; fileRef = 279D165B2B5EC68500F782F6 /* RestaurantLocation.swift */; };
/* End PBXBuildFile section */

/* Begin PBXContainerItemProxy section */
		279D162F2B5EC32C00F782F6 /* PBXContainerItemProxy */ = {
			isa = PBXContainerItemProxy;
			containerPortal = 279D16162B5EC32B00F782F6 /* Project object */;
			proxyType = 1;
			remoteGlobalIDString = 279D161D2B5EC32B00F782F6;
			remoteInfo = "littlelemon-ios";
		};
		279D16392B5EC32C00F782F6 /* PBXContainerItemProxy */ = {
			isa = PBXContainerItemProxy;
			containerPortal = 279D16162B5EC32B00F782F6 /* Project object */;
			proxyType = 1;
			remoteGlobalIDString = 279D161D2B5EC32B00F782F6;
			remoteInfo = "littlelemon-ios";
		};
/* End PBXContainerItemProxy section */

/* Begin PBXFileReference section */
		279D161E2B5EC32B00F782F6 /* littlelemon-ios.app */ = {isa = PBXFileReference; explicitFileType = wrapper.application; includeInIndex = 0; path = "littlelemon-ios.app"; sourceTree = BUILT_PRODUCTS_DIR; };
		279D16212B5EC32B00F782F6 /* littlelemon_iosApp.swift */ = {isa = PBXFileReference; lastKnownFileType = sourcecode.swift; path = littlelemon_iosApp.swift; sourceTree = "<group>"; };
		279D16232B5EC32B00F782F6 /* ContentView.swift */ = {isa = PBXFileReference; lastKnownFileType = sourcecode.swift; path = ContentView.swift; sourceTree = "<group>"; };
		279D16252B5EC32C00F782F6 /* Assets.xcassets */ = {isa = PBXFileReference; lastKnownFileType = folder.assetcatalog; path = Assets.xcassets; sourceTree = "<group>"; };
		279D16282B5EC32C00F782F6 /* Preview Assets.xcassets */ = {isa = PBXFileReference; lastKnownFileType = folder.assetcatalog; path = "Preview Assets.xcassets"; sourceTree = "<group>"; };
		279D162E2B5EC32C00F782F6 /* littlelemon-iosTests.xctest */ = {isa = PBXFileReference; explicitFileType = wrapper.cfbundle; includeInIndex = 0; path = "littlelemon-iosTests.xctest"; sourceTree = BUILT_PRODUCTS_DIR; };
		279D16322B5EC32C00F782F6 /* littlelemon_iosTests.swift */ = {isa = PBXFileReference; lastKnownFileType = sourcecode.swift; path = littlelemon_iosTests.swift; sourceTree = "<group>"; };
		279D16382B5EC32C00F782F6 /* littlelemon-iosUITests.xctest */ = {isa = PBXFileReference; explicitFileType = wrapper.cfbundle; includeInIndex = 0; path = "littlelemon-iosUITests.xctest"; sourceTree = BUILT_PRODUCTS_DIR; };
		279D163C2B5EC32C00F782F6 /* littlelemon_iosUITests.swift */ = {isa = PBXFileReference; lastKnownFileType = sourcecode.swift; path = littlelemon_iosUITests.swift; sourceTree = "<group>"; };
		279D163E2B5EC32C00F782F6 /* littlelemon_iosUITestsLaunchTests.swift */ = {isa = PBXFileReference; lastKnownFileType = sourcecode.swift; path = littlelemon_iosUITestsLaunchTests.swift; sourceTree = "<group>"; };
		279D164B2B5EC49100F782F6 /* LitttleLemonLogo.swift */ = {isa = PBXFileReference; lastKnownFileType = sourcecode.swift; path = LitttleLemonLogo.swift; sourceTree = "<group>"; };
		279D164E2B5EC4DE00F782F6 /* ReservationView.swift */ = {isa = PBXFileReference; lastKnownFileType = sourcecode.swift; path = ReservationView.swift; sourceTree = "<group>"; };
		279D16502B5EC51B00F782F6 /* Reservation.swift */ = {isa = PBXFileReference; lastKnownFileType = sourcecode.swift; path = Reservation.swift; sourceTree = "<group>"; };
		279D16522B5EC53600F782F6 /* ReservationForm.swift */ = {isa = PBXFileReference; lastKnownFileType = sourcecode.swift; path = ReservationForm.swift; sourceTree = "<group>"; };
		279D16542B5EC59200F782F6 /* LocationsView.swift */ = {isa = PBXFileReference; lastKnownFileType = sourcecode.swift; path = LocationsView.swift; sourceTree = "<group>"; };
		279D16562B5EC5E100F782F6 /* Model.swift */ = {isa = PBXFileReference; lastKnownFileType = sourcecode.swift; path = Model.swift; sourceTree = "<group>"; };
		279D16592B5EC64E00F782F6 /* RestaurantView.swift */ = {isa = PBXFileReference; lastKnownFileType = sourcecode.swift; path = RestaurantView.swift; sourceTree = "<group>"; };
		279D165B2B5EC68500F782F6 /* RestaurantLocation.swift */ = {isa = PBXFileReference; lastKnownFileType = sourcecode.swift; path = RestaurantLocation.swift; sourceTree = "<group>"; };
/* End PBXFileReference section */

/* Begin PBXFrameworksBuildPhase section */
		279D161B2B5EC32B00F782F6 /* Frameworks */ = {
			isa = PBXFrameworksBuildPhase;
			buildActionMask = 2147483647;
			files = (
			);
			runOnlyForDeploymentPostprocessing = 0;
		};
		279D162B2B5EC32C00F782F6 /* Frameworks */ = {
			isa = PBXFrameworksBuildPhase;
			buildActionMask = 2147483647;
			files = (
			);
			runOnlyForDeploymentPostprocessing = 0;
		};
		279D16352B5EC32C00F782F6 /* Frameworks */ = {
			isa = PBXFrameworksBuildPhase;
			buildActionMask = 2147483647;
			files = (
			);
			runOnlyForDeploymentPostprocessing = 0;
		};
/* End PBXFrameworksBuildPhase section */

/* Begin PBXGroup section */
		279D16152B5EC32B00F782F6 = {
			isa = PBXGroup;
			children = (
				279D16202B5EC32B00F782F6 /* littlelemon-ios */,
				279D16312B5EC32C00F782F6 /* littlelemon-iosTests */,
				279D163B2B5EC32C00F782F6 /* littlelemon-iosUITests */,
				279D161F2B5EC32B00F782F6 /* Products */,
			);
			sourceTree = "<group>";
		};
		279D161F2B5EC32B00F782F6 /* Products */ = {
			isa = PBXGroup;
			children = (
				279D161E2B5EC32B00F782F6 /* littlelemon-ios.app */,
				279D162E2B5EC32C00F782F6 /* littlelemon-iosTests.xctest */,
				279D16382B5EC32C00F782F6 /* littlelemon-iosUITests.xctest */,
			);
			name = Products;
			sourceTree = "<group>";
		};
		279D16202B5EC32B00F782F6 /* littlelemon-ios */ = {
			isa = PBXGroup;
			children = (
				279D16582B5EC5ED00F782F6 /* RESTAURANT */,
				279D164D2B5EC4C500F782F6 /* RESERVATION */,
				279D16212B5EC32B00F782F6 /* littlelemon_iosApp.swift */,
				279D16232B5EC32B00F782F6 /* ContentView.swift */,
				279D16252B5EC32C00F782F6 /* Assets.xcassets */,
				279D16272B5EC32C00F782F6 /* Preview Content */,
				279D164B2B5EC49100F782F6 /* LitttleLemonLogo.swift */,
				279D16542B5EC59200F782F6 /* LocationsView.swift */,
				279D16562B5EC5E100F782F6 /* Model.swift */,
			);
			path = "littlelemon-ios";
			sourceTree = "<group>";
		};
		279D16272B5EC32C00F782F6 /* Preview Content */ = {
			isa = PBXGroup;
			children = (
				279D16282B5EC32C00F782F6 /* Preview Assets.xcassets */,
			);
			path = "Preview Content";
			sourceTree = "<group>";
		};
		279D16312B5EC32C00F782F6 /* littlelemon-iosTests */ = {
			isa = PBXGroup;
			children = (
				279D16322B5EC32C00F782F6 /* littlelemon_iosTests.swift */,
			);
			path = "littlelemon-iosTests";
			sourceTree = "<group>";
		};
		279D163B2B5EC32C00F782F6 /* littlelemon-iosUITests */ = {
			isa = PBXGroup;
			children = (
				279D163C2B5EC32C00F782F6 /* littlelemon_iosUITests.swift */,
				279D163E2B5EC32C00F782F6 /* littlelemon_iosUITestsLaunchTests.swift */,
			);
			path = "littlelemon-iosUITests";
			sourceTree = "<group>";
		};
		279D164D2B5EC4C500F782F6 /* RESERVATION */ = {
			isa = PBXGroup;
			children = (
				279D164E2B5EC4DE00F782F6 /* ReservationView.swift */,
				279D16502B5EC51B00F782F6 /* Reservation.swift */,
				279D16522B5EC53600F782F6 /* ReservationForm.swift */,
			);
			path = RESERVATION;
			sourceTree = "<group>";
		};
		279D16582B5EC5ED00F782F6 /* RESTAURANT */ = {
			isa = PBXGroup;
			children = (
				279D16592B5EC64E00F782F6 /* RestaurantView.swift */,
				279D165B2B5EC68500F782F6 /* RestaurantLocation.swift */,
			);
			path = RESTAURANT;
			sourceTree = "<group>";
		};
/* End PBXGroup section */

/* Begin PBXNativeTarget section */
		279D161D2B5EC32B00F782F6 /* littlelemon-ios */ = {
			isa = PBXNativeTarget;
			buildConfigurationList = 279D16422B5EC32C00F782F6 /* Build configuration list for PBXNativeTarget "littlelemon-ios" */;
			buildPhases = (
				279D161A2B5EC32B00F782F6 /* Sources */,
				279D161B2B5EC32B00F782F6 /* Frameworks */,
				279D161C2B5EC32B00F782F6 /* Resources */,
			);
			buildRules = (
			);
			dependencies = (
			);
			name = "littlelemon-ios";
			productName = "littlelemon-ios";
			productReference = 279D161E2B5EC32B00F782F6 /* littlelemon-ios.app */;
			productType = "com.apple.product-type.application";
		};
		279D162D2B5EC32C00F782F6 /* littlelemon-iosTests */ = {
			isa = PBXNativeTarget;
			buildConfigurationList = 279D16452B5EC32C00F782F6 /* Build configuration list for PBXNativeTarget "littlelemon-iosTests" */;
			buildPhases = (
				279D162A2B5EC32C00F782F6 /* Sources */,
				279D162B2B5EC32C00F782F6 /* Frameworks */,
				279D162C2B5EC32C00F782F6 /* Resources */,
			);
			buildRules = (
			);
			dependencies = (
				279D16302B5EC32C00F782F6 /* PBXTargetDependency */,
			);
			name = "littlelemon-iosTests";
			productName = "littlelemon-iosTests";
			productReference = 279D162E2B5EC32C00F782F6 /* littlelemon-iosTests.xctest */;
			productType = "com.apple.product-type.bundle.unit-test";
		};
		279D16372B5EC32C00F782F6 /* littlelemon-iosUITests */ = {
			isa = PBXNativeTarget;
			buildConfigurationList = 279D16482B5EC32C00F782F6 /* Build configuration list for PBXNativeTarget "littlelemon-iosUITests" */;
			buildPhases = (
				279D16342B5EC32C00F782F6 /* Sources */,
				279D16352B5EC32C00F782F6 /* Frameworks */,
				279D16362B5EC32C00F782F6 /* Resources */,
			);
			buildRules = (
			);
			dependencies = (
				279D163A2B5EC32C00F782F6 /* PBXTargetDependency */,
			);
			name = "littlelemon-iosUITests";
			productName = "littlelemon-iosUITests";
			productReference = 279D16382B5EC32C00F782F6 /* littlelemon-iosUITests.xctest */;
			productType = "com.apple.product-type.bundle.ui-testing";
		};
/* End PBXNativeTarget section */

/* Begin PBXProject section */
		279D16162B5EC32B00F782F6 /* Project object */ = {
			isa = PBXProject;
			attributes = {
				BuildIndependentTargetsInParallel = 1;
				LastSwiftUpdateCheck = 1520;
				LastUpgradeCheck = 1520;
				TargetAttributes = {
					279D161D2B5EC32B00F782F6 = {
						CreatedOnToolsVersion = 15.2;
					};
					279D162D2B5EC32C00F782F6 = {
						CreatedOnToolsVersion = 15.2;
						TestTargetID = 279D161D2B5EC32B00F782F6;
					};
					279D16372B5EC32C00F782F6 = {
						CreatedOnToolsVersion = 15.2;
						TestTargetID = 279D161D2B5EC32B00F782F6;
					};
				};
			};
			buildConfigurationList = 279D16192B5EC32B00F782F6 /* Build configuration list for PBXProject "littlelemon-ios" */;
			compatibilityVersion = "Xcode 14.0";
			developmentRegion = en;
			hasScannedForEncodings = 0;
			knownRegions = (
				en,
				Base,
			);
			mainGroup = 279D16152B5EC32B00F782F6;
			productRefGroup = 279D161F2B5EC32B00F782F6 /* Products */;
			projectDirPath = "";
			projectRoot = "";
			targets = (
				279D161D2B5EC32B00F782F6 /* littlelemon-ios */,
				279D162D2B5EC32C00F782F6 /* littlelemon-iosTests */,
				279D16372B5EC32C00F782F6 /* littlelemon-iosUITests */,
			);
		};
/* End PBXProject section */

/* Begin PBXResourcesBuildPhase section */
		279D161C2B5EC32B00F782F6 /* Resources */ = {
			isa = PBXResourcesBuildPhase;
			buildActionMask = 2147483647;
			files = (
				279D16292B5EC32C00F782F6 /* Preview Assets.xcassets in Resources */,
				279D16262B5EC32C00F782F6 /* Assets.xcassets in Resources */,
			);
			runOnlyForDeploymentPostprocessing = 0;
		};
		279D162C2B5EC32C00F782F6 /* Resources */ = {
			isa = PBXResourcesBuildPhase;
			buildActionMask = 2147483647;
			files = (
			);
			runOnlyForDeploymentPostprocessing = 0;
		};
		279D16362B5EC32C00F782F6 /* Resources */ = {
			isa = PBXResourcesBuildPhase;
			buildActionMask = 2147483647;
			files = (
			);
			runOnlyForDeploymentPostprocessing = 0;
		};
/* End PBXResourcesBuildPhase section */

/* Begin PBXSourcesBuildPhase section */
		279D161A2B5EC32B00F782F6 /* Sources */ = {
			isa = PBXSourcesBuildPhase;
			buildActionMask = 2147483647;
			files = (
				279D16242B5EC32B00F782F6 /* ContentView.swift in Sources */,
				279D164F2B5EC4DE00F782F6 /* ReservationView.swift in Sources */,
				279D16532B5EC53600F782F6 /* ReservationForm.swift in Sources */,
				279D165C2B5EC68500F782F6 /* RestaurantLocation.swift in Sources */,
				279D16512B5EC51B00F782F6 /* Reservation.swift in Sources */,
				279D164C2B5EC49100F782F6 /* LitttleLemonLogo.swift in Sources */,
				279D165A2B5EC64E00F782F6 /* RestaurantView.swift in Sources */,
				279D16222B5EC32B00F782F6 /* littlelemon_iosApp.swift in Sources */,
				279D16552B5EC59200F782F6 /* LocationsView.swift in Sources */,
				279D16572B5EC5E100F782F6 /* Model.swift in Sources */,
			);
			runOnlyForDeploymentPostprocessing = 0;
		};
		279D162A2B5EC32C00F782F6 /* Sources */ = {
			isa = PBXSourcesBuildPhase;
			buildActionMask = 2147483647;
			files = (
				279D16332B5EC32C00F782F6 /* littlelemon_iosTests.swift in Sources */,
			);
			runOnlyForDeploymentPostprocessing = 0;
		};
		279D16342B5EC32C00F782F6 /* Sources */ = {
			isa = PBXSourcesBuildPhase;
			buildActionMask = 2147483647;
			files = (
				279D163F2B5EC32C00F782F6 /* littlelemon_iosUITestsLaunchTests.swift in Sources */,
				279D163D2B5EC32C00F782F6 /* littlelemon_iosUITests.swift in Sources */,
			);
			runOnlyForDeploymentPostprocessing = 0;
		};
/* End PBXSourcesBuildPhase section */

/* Begin PBXTargetDependency section */
		279D16302B5EC32C00F782F6 /* PBXTargetDependency */ = {
			isa = PBXTargetDependency;
			target = 279D161D2B5EC32B00F782F6 /* littlelemon-ios */;
			targetProxy = 279D162F2B5EC32C00F782F6 /* PBXContainerItemProxy */;
		};
		279D163A2B5EC32C00F782F6 /* PBXTargetDependency */ = {
			isa = PBXTargetDependency;
			target = 279D161D2B5EC32B00F782F6 /* littlelemon-ios */;
			targetProxy = 279D16392B5EC32C00F782F6 /* PBXContainerItemProxy */;
		};
/* End PBXTargetDependency section */

/* Begin XCBuildConfiguration section */
		279D16402B5EC32C00F782F6 /* Debug */ = {
			isa = XCBuildConfiguration;
			buildSettings = {
				ALWAYS_SEARCH_USER_PATHS = NO;
				ASSETCATALOG_COMPILER_GENERATE_SWIFT_ASSET_SYMBOL_EXTENSIONS = YES;
				CLANG_ANALYZER_NONNULL = YES;
				CLANG_ANALYZER_NUMBER_OBJECT_CONVERSION = YES_AGGRESSIVE;
				CLANG_CXX_LANGUAGE_STANDARD = "gnu++20";
				CLANG_ENABLE_MODULES = YES;
				CLANG_ENABLE_OBJC_ARC = YES;
				CLANG_ENABLE_OBJC_WEAK = YES;
				CLANG_WARN_BLOCK_CAPTURE_AUTORELEASING = YES;
				CLANG_WARN_BOOL_CONVERSION = YES;
				CLANG_WARN_COMMA = YES;
				CLANG_WARN_CONSTANT_CONVERSION = YES;
				CLANG_WARN_DEPRECATED_OBJC_IMPLEMENTATIONS = YES;
				CLANG_WARN_DIRECT_OBJC_ISA_USAGE = YES_ERROR;
				CLANG_WARN_DOCUMENTATION_COMMENTS = YES;
				CLANG_WARN_EMPTY_BODY = YES;
				CLANG_WARN_ENUM_CONVERSION = YES;
				CLANG_WARN_INFINITE_RECURSION = YES;
				CLANG_WARN_INT_CONVERSION = YES;
				CLANG_WARN_NON_LITERAL_NULL_CONVERSION = YES;
				CLANG_WARN_OBJC_IMPLICIT_RETAIN_SELF = YES;
				CLANG_WARN_OBJC_LITERAL_CONVERSION = YES;
				CLANG_WARN_OBJC_ROOT_CLASS = YES_ERROR;
				CLANG_WARN_QUOTED_INCLUDE_IN_FRAMEWORK_HEADER = YES;
				CLANG_WARN_RANGE_LOOP_ANALYSIS = YES;
				CLANG_WARN_STRICT_PROTOTYPES = YES;
				CLANG_WARN_SUSPICIOUS_MOVE = YES;
				CLANG_WARN_UNGUARDED_AVAILABILITY = YES_AGGRESSIVE;
				CLANG_WARN_UNREACHABLE_CODE = YES;
				CLANG_WARN__DUPLICATE_METHOD_MATCH = YES;
				COPY_PHASE_STRIP = NO;
				DEBUG_INFORMATION_FORMAT = dwarf;
				ENABLE_STRICT_OBJC_MSGSEND = YES;
				ENABLE_TESTABILITY = YES;
				ENABLE_USER_SCRIPT_SANDBOXING = YES;
				GCC_C_LANGUAGE_STANDARD = gnu17;
				GCC_DYNAMIC_NO_PIC = NO;
				GCC_NO_COMMON_BLOCKS = YES;
				GCC_OPTIMIZATION_LEVEL = 0;
				GCC_PREPROCESSOR_DEFINITIONS = (
					"DEBUG=1",
					"$(inherited)",
				);
				GCC_WARN_64_TO_32_BIT_CONVERSION = YES;
				GCC_WARN_ABOUT_RETURN_TYPE = YES_ERROR;
				GCC_WARN_UNDECLARED_SELECTOR = YES;
				GCC_WARN_UNINITIALIZED_AUTOS = YES_AGGRESSIVE;
				GCC_WARN_UNUSED_FUNCTION = YES;
				GCC_WARN_UNUSED_VARIABLE = YES;
				IPHONEOS_DEPLOYMENT_TARGET = 17.2;
				LOCALIZATION_PREFERS_STRING_CATALOGS = YES;
				MTL_ENABLE_DEBUG_INFO = INCLUDE_SOURCE;
				MTL_FAST_MATH = YES;
				ONLY_ACTIVE_ARCH = YES;
				SDKROOT = iphoneos;
				SWIFT_ACTIVE_COMPILATION_CONDITIONS = "DEBUG $(inherited)";
				SWIFT_OPTIMIZATION_LEVEL = "-Onone";
			};
			name = Debug;
		};
		279D16412B5EC32C00F782F6 /* Release */ = {
			isa = XCBuildConfiguration;
			buildSettings = {
				ALWAYS_SEARCH_USER_PATHS = NO;
				ASSETCATALOG_COMPILER_GENERATE_SWIFT_ASSET_SYMBOL_EXTENSIONS = YES;
				CLANG_ANALYZER_NONNULL = YES;
				CLANG_ANALYZER_NUMBER_OBJECT_CONVERSION = YES_AGGRESSIVE;
				CLANG_CXX_LANGUAGE_STANDARD = "gnu++20";
				CLANG_ENABLE_MODULES = YES;
				CLANG_ENABLE_OBJC_ARC = YES;
				CLANG_ENABLE_OBJC_WEAK = YES;
				CLANG_WARN_BLOCK_CAPTURE_AUTORELEASING = YES;
				CLANG_WARN_BOOL_CONVERSION = YES;
				CLANG_WARN_COMMA = YES;
				CLANG_WARN_CONSTANT_CONVERSION = YES;
				CLANG_WARN_DEPRECATED_OBJC_IMPLEMENTATIONS = YES;
				CLANG_WARN_DIRECT_OBJC_ISA_USAGE = YES_ERROR;
				CLANG_WARN_DOCUMENTATION_COMMENTS = YES;
				CLANG_WARN_EMPTY_BODY = YES;
				CLANG_WARN_ENUM_CONVERSION = YES;
				CLANG_WARN_INFINITE_RECURSION = YES;
				CLANG_WARN_INT_CONVERSION = YES;
				CLANG_WARN_NON_LITERAL_NULL_CONVERSION = YES;
				CLANG_WARN_OBJC_IMPLICIT_RETAIN_SELF = YES;
				CLANG_WARN_OBJC_LITERAL_CONVERSION = YES;
				CLANG_WARN_OBJC_ROOT_CLASS = YES_ERROR;
				CLANG_WARN_QUOTED_INCLUDE_IN_FRAMEWORK_HEADER = YES;
				CLANG_WARN_RANGE_LOOP_ANALYSIS = YES;
				CLANG_WARN_STRICT_PROTOTYPES = YES;
				CLANG_WARN_SUSPICIOUS_MOVE = YES;
				CLANG_WARN_UNGUARDED_AVAILABILITY = YES_AGGRESSIVE;
				CLANG_WARN_UNREACHABLE_CODE = YES;
				CLANG_WARN__DUPLICATE_METHOD_MATCH = YES;
				COPY_PHASE_STRIP = NO;
				DEBUG_INFORMATION_FORMAT = "dwarf-with-dsym";
				ENABLE_NS_ASSERTIONS = NO;
				ENABLE_STRICT_OBJC_MSGSEND = YES;
				ENABLE_USER_SCRIPT_SANDBOXING = YES;
				GCC_C_LANGUAGE_STANDARD = gnu17;
				GCC_NO_COMMON_BLOCKS = YES;
				GCC_WARN_64_TO_32_BIT_CONVERSION = YES;
				GCC_WARN_ABOUT_RETURN_TYPE = YES_ERROR;
				GCC_WARN_UNDECLARED_SELECTOR = YES;
				GCC_WARN_UNINITIALIZED_AUTOS = YES_AGGRESSIVE;
				GCC_WARN_UNUSED_FUNCTION = YES;
				GCC_WARN_UNUSED_VARIABLE = YES;
				IPHONEOS_DEPLOYMENT_TARGET = 17.2;
				LOCALIZATION_PREFERS_STRING_CATALOGS = YES;
				MTL_ENABLE_DEBUG_INFO = NO;
				MTL_FAST_MATH = YES;
				SDKROOT = iphoneos;
				SWIFT_COMPILATION_MODE = wholemodule;
				VALIDATE_PRODUCT = YES;
			};
			name = Release;
		};
		279D16432B5EC32C00F782F6 /* Debug */ = {
			isa = XCBuildConfiguration;
			buildSettings = {
				ASSETCATALOG_COMPILER_APPICON_NAME = AppIcon;
				ASSETCATALOG_COMPILER_GLOBAL_ACCENT_COLOR_NAME = AccentColor;
				CODE_SIGN_STYLE = Automatic;
				CURRENT_PROJECT_VERSION = 1;
				DEVELOPMENT_ASSET_PATHS = "\"littlelemon-ios/Preview Content\"";
				DEVELOPMENT_TEAM = 9L6YUTSZAG;
				ENABLE_PREVIEWS = YES;
				GENERATE_INFOPLIST_FILE = YES;
				INFOPLIST_KEY_UIApplicationSceneManifest_Generation = YES;
				INFOPLIST_KEY_UIApplicationSupportsIndirectInputEvents = YES;
				INFOPLIST_KEY_UILaunchScreen_Generation = YES;
				INFOPLIST_KEY_UISupportedInterfaceOrientations_iPad = "UIInterfaceOrientationPortrait UIInterfaceOrientationPortraitUpsideDown UIInterfaceOrientationLandscapeLeft UIInterfaceOrientationLandscapeRight";
				INFOPLIST_KEY_UISupportedInterfaceOrientations_iPhone = "UIInterfaceOrientationPortrait UIInterfaceOrientationLandscapeLeft UIInterfaceOrientationLandscapeRight";
				LD_RUNPATH_SEARCH_PATHS = (
					"$(inherited)",
					"@executable_path/Frameworks",
				);
				MARKETING_VERSION = 1.0;
				PRODUCT_BUNDLE_IDENTIFIER = "him-li.littlelemon-ios";
				PRODUCT_NAME = "$(TARGET_NAME)";
				SWIFT_EMIT_LOC_STRINGS = YES;
				SWIFT_VERSION = 5.0;
				TARGETED_DEVICE_FAMILY = "1,2";
			};
			name = Debug;
		};
		279D16442B5EC32C00F782F6 /* Release */ = {
			isa = XCBuildConfiguration;
			buildSettings = {
				ASSETCATALOG_COMPILER_APPICON_NAME = AppIcon;
				ASSETCATALOG_COMPILER_GLOBAL_ACCENT_COLOR_NAME = AccentColor;
				CODE_SIGN_STYLE = Automatic;
				CURRENT_PROJECT_VERSION = 1;
				DEVELOPMENT_ASSET_PATHS = "\"littlelemon-ios/Preview Content\"";
				DEVELOPMENT_TEAM = 9L6YUTSZAG;
				ENABLE_PREVIEWS = YES;
				GENERATE_INFOPLIST_FILE = YES;
				INFOPLIST_KEY_UIApplicationSceneManifest_Generation = YES;
				INFOPLIST_KEY_UIApplicationSupportsIndirectInputEvents = YES;
				INFOPLIST_KEY_UILaunchScreen_Generation = YES;
				INFOPLIST_KEY_UISupportedInterfaceOrientations_iPad = "UIInterfaceOrientationPortrait UIInterfaceOrientationPortraitUpsideDown UIInterfaceOrientationLandscapeLeft UIInterfaceOrientationLandscapeRight";
				INFOPLIST_KEY_UISupportedInterfaceOrientations_iPhone = "UIInterfaceOrientationPortrait UIInterfaceOrientationLandscapeLeft UIInterfaceOrientationLandscapeRight";
				LD_RUNPATH_SEARCH_PATHS = (
					"$(inherited)",
					"@executable_path/Frameworks",
				);
				MARKETING_VERSION = 1.0;
				PRODUCT_BUNDLE_IDENTIFIER = "him-li.littlelemon-ios";
				PRODUCT_NAME = "$(TARGET_NAME)";
				SWIFT_EMIT_LOC_STRINGS = YES;
				SWIFT_VERSION = 5.0;
				TARGETED_DEVICE_FAMILY = "1,2";
			};
			name = Release;
		};
		279D16462B5EC32C00F782F6 /* Debug */ = {
			isa = XCBuildConfiguration;
			buildSettings = {
				ALWAYS_EMBED_SWIFT_STANDARD_LIBRARIES = YES;
				BUNDLE_LOADER = "$(TEST_HOST)";
				CODE_SIGN_STYLE = Automatic;
				CURRENT_PROJECT_VERSION = 1;
				DEVELOPMENT_TEAM = 9L6YUTSZAG;
				GENERATE_INFOPLIST_FILE = YES;
				IPHONEOS_DEPLOYMENT_TARGET = 17.2;
				MARKETING_VERSION = 1.0;
				PRODUCT_BUNDLE_IDENTIFIER = "him-li.littlelemon-iosTests";
				PRODUCT_NAME = "$(TARGET_NAME)";
				SWIFT_EMIT_LOC_STRINGS = NO;
				SWIFT_VERSION = 5.0;
				TARGETED_DEVICE_FAMILY = "1,2";
				TEST_HOST = "$(BUILT_PRODUCTS_DIR)/littlelemon-ios.app/$(BUNDLE_EXECUTABLE_FOLDER_PATH)/littlelemon-ios";
			};
			name = Debug;
		};
		279D16472B5EC32C00F782F6 /* Release */ = {
			isa = XCBuildConfiguration;
			buildSettings = {
				ALWAYS_EMBED_SWIFT_STANDARD_LIBRARIES = YES;
				BUNDLE_LOADER = "$(TEST_HOST)";
				CODE_SIGN_STYLE = Automatic;
				CURRENT_PROJECT_VERSION = 1;
				DEVELOPMENT_TEAM = 9L6YUTSZAG;
				GENERATE_INFOPLIST_FILE = YES;
				IPHONEOS_DEPLOYMENT_TARGET = 17.2;
				MARKETING_VERSION = 1.0;
				PRODUCT_BUNDLE_IDENTIFIER = "him-li.littlelemon-iosTests";
				PRODUCT_NAME = "$(TARGET_NAME)";
				SWIFT_EMIT_LOC_STRINGS = NO;
				SWIFT_VERSION = 5.0;
				TARGETED_DEVICE_FAMILY = "1,2";
				TEST_HOST = "$(BUILT_PRODUCTS_DIR)/littlelemon-ios.app/$(BUNDLE_EXECUTABLE_FOLDER_PATH)/littlelemon-ios";
			};
			name = Release;
		};
		279D16492B5EC32C00F782F6 /* Debug */ = {
			isa = XCBuildConfiguration;
			buildSettings = {
				ALWAYS_EMBED_SWIFT_STANDARD_LIBRARIES = YES;
				CODE_SIGN_STYLE = Automatic;
				CURRENT_PROJECT_VERSION = 1;
				DEVELOPMENT_TEAM = 9L6YUTSZAG;
				GENERATE_INFOPLIST_FILE = YES;
				MARKETING_VERSION = 1.0;
				PRODUCT_BUNDLE_IDENTIFIER = "him-li.littlelemon-iosUITests";
				PRODUCT_NAME = "$(TARGET_NAME)";
				SWIFT_EMIT_LOC_STRINGS = NO;
				SWIFT_VERSION = 5.0;
				TARGETED_DEVICE_FAMILY = "1,2";
				TEST_TARGET_NAME = "littlelemon-ios";
			};
			name = Debug;
		};
		279D164A2B5EC32C00F782F6 /* Release */ = {
			isa = XCBuildConfiguration;
			buildSettings = {
				ALWAYS_EMBED_SWIFT_STANDARD_LIBRARIES = YES;
				CODE_SIGN_STYLE = Automatic;
				CURRENT_PROJECT_VERSION = 1;
				DEVELOPMENT_TEAM = 9L6YUTSZAG;
				GENERATE_INFOPLIST_FILE = YES;
				MARKETING_VERSION = 1.0;
				PRODUCT_BUNDLE_IDENTIFIER = "him-li.littlelemon-iosUITests";
				PRODUCT_NAME = "$(TARGET_NAME)";
				SWIFT_EMIT_LOC_STRINGS = NO;
				SWIFT_VERSION = 5.0;
				TARGETED_DEVICE_FAMILY = "1,2";
				TEST_TARGET_NAME = "littlelemon-ios";
			};
			name = Release;
		};
/* End XCBuildConfiguration section */

/* Begin XCConfigurationList section */
		279D16192B5EC32B00F782F6 /* Build configuration list for PBXProject "littlelemon-ios" */ = {
			isa = XCConfigurationList;
			buildConfigurations = (
				279D16402B5EC32C00F782F6 /* Debug */,
				279D16412B5EC32C00F782F6 /* Release */,
			);
			defaultConfigurationIsVisible = 0;
			defaultConfigurationName = Release;
		};
		279D16422B5EC32C00F782F6 /* Build configuration list for PBXNativeTarget "littlelemon-ios" */ = {
			isa = XCConfigurationList;
			buildConfigurations = (
				279D16432B5EC32C00F782F6 /* Debug */,
				279D16442B5EC32C00F782F6 /* Release */,
			);
			defaultConfigurationIsVisible = 0;
			defaultConfigurationName = Release;
		};
		279D16452B5EC32C00F782F6 /* Build configuration list for PBXNativeTarget "littlelemon-iosTests" */ = {
			isa = XCConfigurationList;
			buildConfigurations = (
				279D16462B5EC32C00F782F6 /* Debug */,
				279D16472B5EC32C00F782F6 /* Release */,
			);
			defaultConfigurationIsVisible = 0;
			defaultConfigurationName = Release;
		};
		279D16482B5EC32C00F782F6 /* Build configuration list for PBXNativeTarget "littlelemon-iosUITests" */ = {
			isa = XCConfigurationList;
			buildConfigurations = (
				279D16492B5EC32C00F782F6 /* Debug */,
				279D164A2B5EC32C00F782F6 /* Release */,
			);
			defaultConfigurationIsVisible = 0;
			defaultConfigurationName = Release;
		};
/* End XCConfigurationList section */
	};
	rootObject = 279D16162B5EC32B00F782F6 /* Project object */;
}
